// !$*UTF8*$!
{
	archiveVersion = 1;
	classes = {
	};
	objectVersion = 46;
	objects = {

/* Begin PBXBuildFile section */
		7FC21DA71D4D0B70000E722C /* AppDelegate.swift in Sources */ = {isa = PBXBuildFile; fileRef = 7FC21DA61D4D0B70000E722C /* AppDelegate.swift */; };
		7FC21DA91D4D0B70000E722C /* ViewController.swift in Sources */ = {isa = PBXBuildFile; fileRef = 7FC21DA81D4D0B70000E722C /* ViewController.swift */; };
		7FC21DAC1D4D0B70000E722C /* Main.storyboard in Resources */ = {isa = PBXBuildFile; fileRef = 7FC21DAA1D4D0B70000E722C /* Main.storyboard */; };
		7FC21DAE1D4D0B70000E722C /* Assets.xcassets in Resources */ = {isa = PBXBuildFile; fileRef = 7FC21DAD1D4D0B70000E722C /* Assets.xcassets */; };
		7FC21DB11D4D0B70000E722C /* LaunchScreen.storyboard in Resources */ = {isa = PBXBuildFile; fileRef = 7FC21DAF1D4D0B70000E722C /* LaunchScreen.storyboard */; };
		7FC21DB91D4D0E7B000E722C /* Nova.mp3 in Resources */ = {isa = PBXBuildFile; fileRef = 7FC21DB81D4D0E7B000E722C /* Nova.mp3 */; };
/* End PBXBuildFile section */

/* Begin PBXFileReference section */
		7FC21DA31D4D0B6F000E722C /* PlayMusic.app */ = {isa = PBXFileReference; explicitFileType = wrapper.application; includeInIndex = 0; path = PlayMusic.app; sourceTree = BUILT_PRODUCTS_DIR; };
		7FC21DA61D4D0B70000E722C /* AppDelegate.swift */ = {isa = PBXFileReference; lastKnownFileType = sourcecode.swift; path = AppDelegate.swift; sourceTree = "<group>"; };
		7FC21DA81D4D0B70000E722C /* ViewController.swift */ = {isa = PBXFileReference; lastKnownFileType = sourcecode.swift; path = ViewController.swift; sourceTree = "<group>"; };
		7FC21DAB1D4D0B70000E722C /* Base */ = {isa = PBXFileReference; lastKnownFileType = file.storyboard; name = Base; path = Base.lproj/Main.storyboard; sourceTree = "<group>"; };
		7FC21DAD1D4D0B70000E722C /* Assets.xcassets */ = {isa = PBXFileReference; lastKnownFileType = folder.assetcatalog; path = Assets.xcassets; sourceTree = "<group>"; };
		7FC21DB01D4D0B70000E722C /* Base */ = {isa = PBXFileReference; lastKnownFileType = file.storyboard; name = Base; path = Base.lproj/LaunchScreen.storyboard; sourceTree = "<group>"; };
		7FC21DB21D4D0B70000E722C /* Info.plist */ = {isa = PBXFileReference; lastKnownFileType = text.plist.xml; path = Info.plist; sourceTree = "<group>"; };
		7FC21DB81D4D0E7B000E722C /* Nova.mp3 */ = {isa = PBXFileReference; lastKnownFileType = audio.mp3; name = Nova.mp3; path = ../../../../Nova.mp3; sourceTree = "<group>"; };
/* End PBXFileReference section */

/* Begin PBXFrameworksBuildPhase section */
		7FC21DA01D4D0B6F000E722C /* Frameworks */ = {
			isa = PBXFrameworksBuildPhase;
			buildActionMask = 2147483647;
			files = (
			);
			runOnlyForDeploymentPostprocessing = 0;
		};
/* End PBXFrameworksBuildPhase section */

/* Begin PBXGroup section */
		7FC21D9A1D4D0B6F000E722C = {
			isa = PBXGroup;
			children = (
				7FC21DA51D4D0B6F000E722C /* PlayMusic */,
				7FC21DA41D4D0B6F000E722C /* Products */,
			);
			sourceTree = "<group>";
		};
		7FC21DA41D4D0B6F000E722C /* Products */ = {
			isa = PBXGroup;
			children = (
				7FC21DA31D4D0B6F000E722C /* PlayMusic.app */,
			);
			name = Products;
			sourceTree = "<group>";
		};
		7FC21DA51D4D0B6F000E722C /* PlayMusic */ = {
			isa = PBXGroup;
			children = (
				7FC21DB81D4D0E7B000E722C /* Nova.mp3 */,
				7FC21DA61D4D0B70000E722C /* AppDelegate.swift */,
				7FC21DA81D4D0B70000E722C /* ViewController.swift */,
				7FC21DAA1D4D0B70000E722C /* Main.storyboard */,
				7FC21DAD1D4D0B70000E722C /* Assets.xcassets */,
				7FC21DAF1D4D0B70000E722C /* LaunchScreen.storyboard */,
				7FC21DB21D4D0B70000E722C /* Info.plist */,
			);
			path = PlayMusic;
			sourceTree = "<group>";
		};
/* End PBXGroup section */

/* Begin PBXNativeTarget section */
		7FC21DA21D4D0B6F000E722C /* PlayMusic */ = {
			isa = PBXNativeTarget;
			buildConfigurationList = 7FC21DB51D4D0B70000E722C /* Build configuration list for PBXNativeTarget "PlayMusic" */;
			buildPhases = (
				7FC21D9F1D4D0B6F000E722C /* Sources */,
				7FC21DA01D4D0B6F000E722C /* Frameworks */,
				7FC21DA11D4D0B6F000E722C /* Resources */,
			);
			buildRules = (
			);
			dependencies = (
			);
			name = PlayMusic;
			productName = PlayMusic;
			productReference = 7FC21DA31D4D0B6F000E722C /* PlayMusic.app */;
			productType = "com.apple.product-type.application";
		};
/* End PBXNativeTarget section */

/* Begin PBXProject section */
		7FC21D9B1D4D0B6F000E722C /* Project object */ = {
			isa = PBXProject;
			attributes = {
				LastSwiftUpdateCheck = 0730;
				LastUpgradeCheck = 0730;
				ORGANIZATIONNAME = "Hoang Nguyen";
				TargetAttributes = {
					7FC21DA21D4D0B6F000E722C = {
						CreatedOnToolsVersion = 7.3.1;
					};
				};
			};
			buildConfigurationList = 7FC21D9E1D4D0B6F000E722C /* Build configuration list for PBXProject "PlayMusic" */;
			compatibilityVersion = "Xcode 3.2";
			developmentRegion = English;
			hasScannedForEncodings = 0;
			knownRegions = (
				en,
				Base,
			);
			mainGroup = 7FC21D9A1D4D0B6F000E722C;
			productRefGroup = 7FC21DA41D4D0B6F000E722C /* Products */;
			projectDirPath = "";
			projectRoot = "";
			targets = (
				7FC21DA21D4D0B6F000E722C /* PlayMusic */,
			);
		};
/* End PBXProject section */

/* Begin PBXResourcesBuildPhase section */
		7FC21DA11D4D0B6F000E722C /* Resources */ = {
			isa = PBXResourcesBuildPhase;
			buildActionMask = 2147483647;
			files = (
				7FC21DB11D4D0B70000E722C /* LaunchScreen.storyboard in Resources */,
				7FC21DAE1D4D0B70000E722C /* Assets.xcassets in Resources */,
				7FC21DB91D4D0E7B000E722C /* Nova.mp3 in Resources */,
				7FC21DAC1D4D0B70000E722C /* Main.storyboard in Resources */,
			);
			runOnlyForDeploymentPostprocessing = 0;
		};
/* End PBXResourcesBuildPhase section */

/* Begin PBXSourcesBuildPhase section */
		7FC21D9F1D4D0B6F000E722C /* Sources */ = {
			isa = PBXSourcesBuildPhase;
			buildActionMask = 2147483647;
			files = (
				7FC21DA91D4D0B70000E722C /* ViewController.swift in Sources */,
				7FC21DA71D4D0B70000E722C /* AppDelegate.swift in Sources */,
			);
			runOnlyForDeploymentPostprocessing = 0;
		};
/* End PBXSourcesBuildPhase section */

/* Begin PBXVariantGroup section */
		7FC21DAA1D4D0B70000E722C /* Main.storyboard */ = {
			isa = PBXVariantGroup;
			children = (
				7FC21DAB1D4D0B70000E722C /* Base */,
			);
			name = Main.storyboard;
			sourceTree = "<group>";
		};
		7FC21DAF1D4D0B70000E722C /* LaunchScreen.storyboard */ = {
			isa = PBXVariantGroup;
			children = (
				7FC21DB01D4D0B70000E722C /* Base */,
			);
			name = LaunchScreen.storyboard;
			sourceTree = "<group>";
		};
/* End PBXVariantGroup section */

/* Begin XCBuildConfiguration section */
		7FC21DB31D4D0B70000E722C /* Debug */ = {
			isa = XCBuildConfiguration;
			buildSettings = {
				ALWAYS_SEARCH_USER_PATHS = NO;
				CLANG_ANALYZER_NONNULL = YES;
				CLANG_CXX_LANGUAGE_STANDARD = "gnu++0x";
				CLANG_CXX_LIBRARY = "libc++";
				CLANG_ENABLE_MODULES = YES;
				CLANG_ENABLE_OBJC_ARC = YES;
				CLANG_WARN_BOOL_CONVERSION = YES;
				CLANG_WARN_CONSTANT_CONVERSION = YES;
				CLANG_WARN_DIRECT_OBJC_ISA_USAGE = YES_ERROR;
				CLANG_WARN_EMPTY_BODY = YES;
				CLANG_WARN_ENUM_CONVERSION = YES;
				CLANG_WARN_INT_CONVERSION = YES;
				CLANG_WARN_OBJC_ROOT_CLASS = YES_ERROR;
				CLANG_WARN_UNREACHABLE_CODE = YES;
				CLANG_WARN__DUPLICATE_METHOD_MATCH = YES;
				"CODE_SIGN_IDENTITY[sdk=iphoneos*]" = "iPhone Developer";
				COPY_PHASE_STRIP = NO;
				DEBUG_INFORMATION_FORMAT = dwarf;
				ENABLE_STRICT_OBJC_MSGSEND = YES;
				ENABLE_TESTABILITY = YES;
				GCC_C_LANGUAGE_STANDARD = gnu99;
				GCC_DYNAMIC_NO_PIC = NO;
				GCC_NO_COMMON_BLOCKS = YES;
				GCC_OPTIMIZATION_LEVEL = 0;
				GCC_PREPROCESSOR_DEFINITIONS = (
					"DEBUG=1",
					"$(inherited)",
				);
				GCC_WARN_64_TO_32_BIT_CONVERSION = YES;
				GCC_WARN_ABOUT_RETURN_TYPE = YES_ERROR;
				GCC_WARN_UNDECLARED_SELECTOR = YES;
				GCC_WARN_UNINITIALIZED_AUTOS = YES_AGGRESSIVE;
				GCC_WARN_UNUSED_FUNCTION = YES;
				GCC_WARN_UNUSED_VARIABLE = YES;
				IPHONEOS_DEPLOYMENT_TARGET = 9.3;
				MTL_ENABLE_DEBUG_INFO = YES;
				ONLY_ACTIVE_ARCH = YES;
				SDKROOT = iphoneos;
				SWIFT_OPTIMIZATION_LEVEL = "-Onone";
			};
			name = Debug;
		};
		7FC21DB41D4D0B70000E722C /* Release */ = {
			isa = XCBuildConfiguration;
			buildSettings = {
				ALWAYS_SEARCH_USER_PATHS = NO;
				CLANG_ANALYZER_NONNULL = YES;
				CLANG_CXX_LANGUAGE_STANDARD = "gnu++0x";
				CLANG_CXX_LIBRARY = "libc++";
				CLANG_ENABLE_MODULES = YES;
				CLANG_ENABLE_OBJC_ARC = YES;
				CLANG_WARN_BOOL_CONVERSION = YES;
				CLANG_WARN_CONSTANT_CONVERSION = YES;
				CLANG_WARN_DIRECT_OBJC_ISA_USAGE = YES_ERROR;
				CLANG_WARN_EMPTY_BODY = YES;
				CLANG_WARN_ENUM_CONVERSION = YES;
				CLANG_WARN_INT_CONVERSION = YES;
				CLANG_WARN_OBJC_ROOT_CLASS = YES_ERROR;
				CLANG_WARN_UNREACHABLE_CODE = YES;
				CLANG_WARN__DUPLICATE_METHOD_MATCH = YES;
				"CODE_SIGN_IDENTITY[sdk=iphoneos*]" = "iPhone Developer";
				COPY_PHASE_STRIP = NO;
				DEBUG_INFORMATION_FORMAT = "dwarf-with-dsym";
				ENABLE_NS_ASSERTIONS = NO;
				ENABLE_STRICT_OBJC_MSGSEND = YES;
				GCC_C_LANGUAGE_STANDARD = gnu99;
				GCC_NO_COMMON_BLOCKS = YES;
				GCC_WARN_64_TO_32_BIT_CONVERSION = YES;
				GCC_WARN_ABOUT_RETURN_TYPE = YES_ERROR;
				GCC_WARN_UNDECLARED_SELECTOR = YES;
				GCC_WARN_UNINITIALIZED_AUTOS = YES_AGGRESSIVE;
				GCC_WARN_UNUSED_FUNCTION = YES;
				GCC_WARN_UNUSED_VARIABLE = YES;
				IPHONEOS_DEPLOYMENT_TARGET = 9.3;
				MTL_ENABLE_DEBUG_INFO = NO;
				SDKROOT = iphoneos;
				VALIDATE_PRODUCT = YES;
			};
			name = Release;
		};
		7FC21DB61D4D0B70000E722C /* Debug */ = {
			isa = XCBuildConfiguration;
			buildSettings = {
				ASSETCATALOG_COMPILER_APPICON_NAME = AppIcon;
				INFOPLIST_FILE = PlayMusic/Info.plist;
				LD_RUNPATH_SEARCH_PATHS = "$(inherited) @executable_path/Frameworks";
				PRODUCT_BUNDLE_IDENTIFIER = com.hoangnv.PlayMusic;
				PRODUCT_NAME = "$(TARGET_NAME)";
			};
			name = Debug;
		};
		7FC21DB71D4D0B70000E722C /* Release */ = {
			isa = XCBuildConfiguration;
			buildSettings = {
				ASSETCATALOG_COMPILER_APPICON_NAME = AppIcon;
				INFOPLIST_FILE = PlayMusic/Info.plist;
				LD_RUNPATH_SEARCH_PATHS = "$(inherited) @executable_path/Frameworks";
				PRODUCT_BUNDLE_IDENTIFIER = com.hoangnv.PlayMusic;
				PRODUCT_NAME = "$(TARGET_NAME)";
			};
			name = Release;
		};
/* End XCBuildConfiguration section */

/* Begin XCConfigurationList section */
		7FC21D9E1D4D0B6F000E722C /* Build configuration list for PBXProject "PlayMusic" */ = {
			isa = XCConfigurationList;
			buildConfigurations = (
				7FC21DB31D4D0B70000E722C /* Debug */,
				7FC21DB41D4D0B70000E722C /* Release */,
			);
			defaultConfigurationIsVisible = 0;
			defaultConfigurationName = Release;
		};
		7FC21DB51D4D0B70000E722C /* Build configuration list for PBXNativeTarget "PlayMusic" */ = {
			isa = XCConfigurationList;
			buildConfigurations = (
				7FC21DB61D4D0B70000E722C /* Debug */,
				7FC21DB71D4D0B70000E722C /* Release */,
			);
			defaultConfigurationIsVisible = 0;
		};
/* End XCConfigurationList section */
	};
	rootObject = 7FC21D9B1D4D0B6F000E722C /* Project object */;
}
