// !$*UTF8*$!
{
	archiveVersion = 1;
	classes = {
	};
	objectVersion = 46;
	objects = {

/* Begin PBXBuildFile section */
		7FE2BBE31D4FC595006C42E1 /* images.xcassets in Resources */ = {isa = PBXBuildFile; fileRef = 7FE2BBE21D4FC595006C42E1 /* images.xcassets */; };
		888184D91D4F3C0600C8471B /* AppDelegate.swift in Sources */ = {isa = PBXBuildFile; fileRef = 888184D81D4F3C0600C8471B /* AppDelegate.swift */; };
		888184DB1D4F3C0600C8471B /* ViewController.swift in Sources */ = {isa = PBXBuildFile; fileRef = 888184DA1D4F3C0600C8471B /* ViewController.swift */; };
		888184DE1D4F3C0600C8471B /* Main.storyboard in Resources */ = {isa = PBXBuildFile; fileRef = 888184DC1D4F3C0600C8471B /* Main.storyboard */; };
		888184E31D4F3C0600C8471B /* LaunchScreen.storyboard in Resources */ = {isa = PBXBuildFile; fileRef = 888184E11D4F3C0600C8471B /* LaunchScreen.storyboard */; };
/* End PBXBuildFile section */

/* Begin PBXFileReference section */
		7FE2BBE21D4FC595006C42E1 /* images.xcassets */ = {isa = PBXFileReference; lastKnownFileType = folder.assetcatalog; path = images.xcassets; sourceTree = "<group>"; };
		888184D51D4F3C0500C8471B /* PlayVideo.app */ = {isa = PBXFileReference; explicitFileType = wrapper.application; includeInIndex = 0; path = PlayVideo.app; sourceTree = BUILT_PRODUCTS_DIR; };
		888184D81D4F3C0600C8471B /* AppDelegate.swift */ = {isa = PBXFileReference; lastKnownFileType = sourcecode.swift; path = AppDelegate.swift; sourceTree = "<group>"; };
		888184DA1D4F3C0600C8471B /* ViewController.swift */ = {isa = PBXFileReference; lastKnownFileType = sourcecode.swift; path = ViewController.swift; sourceTree = "<group>"; };
		888184DD1D4F3C0600C8471B /* Base */ = {isa = PBXFileReference; lastKnownFileType = file.storyboard; name = Base; path = Base.lproj/Main.storyboard; sourceTree = "<group>"; };
		888184E21D4F3C0600C8471B /* Base */ = {isa = PBXFileReference; lastKnownFileType = file.storyboard; name = Base; path = Base.lproj/LaunchScreen.storyboard; sourceTree = "<group>"; };
		888184E41D4F3C0600C8471B /* Info.plist */ = {isa = PBXFileReference; lastKnownFileType = text.plist.xml; path = Info.plist; sourceTree = "<group>"; };
/* End PBXFileReference section */

/* Begin PBXFrameworksBuildPhase section */
		888184D21D4F3C0500C8471B /* Frameworks */ = {
			isa = PBXFrameworksBuildPhase;
			buildActionMask = 2147483647;
			files = (
			);
			runOnlyForDeploymentPostprocessing = 0;
		};
/* End PBXFrameworksBuildPhase section */

/* Begin PBXGroup section */
		888184CC1D4F3C0500C8471B = {
			isa = PBXGroup;
			children = (
				888184D71D4F3C0600C8471B /* PlayVideo */,
				888184D61D4F3C0500C8471B /* Products */,
			);
			sourceTree = "<group>";
		};
		888184D61D4F3C0500C8471B /* Products */ = {
			isa = PBXGroup;
			children = (
				888184D51D4F3C0500C8471B /* PlayVideo.app */,
			);
			name = Products;
			sourceTree = "<group>";
		};
		888184D71D4F3C0600C8471B /* PlayVideo */ = {
			isa = PBXGroup;
			children = (
				888184D81D4F3C0600C8471B /* AppDelegate.swift */,
				888184DA1D4F3C0600C8471B /* ViewController.swift */,
				888184DC1D4F3C0600C8471B /* Main.storyboard */,
				888184E11D4F3C0600C8471B /* LaunchScreen.storyboard */,
				888184E41D4F3C0600C8471B /* Info.plist */,
				7FE2BBE21D4FC595006C42E1 /* images.xcassets */,
			);
			path = PlayVideo;
			sourceTree = "<group>";
		};
/* End PBXGroup section */

/* Begin PBXNativeTarget section */
		888184D41D4F3C0500C8471B /* PlayVideo */ = {
			isa = PBXNativeTarget;
			buildConfigurationList = 888184E71D4F3C0600C8471B /* Build configuration list for PBXNativeTarget "PlayVideo" */;
			buildPhases = (
				888184D11D4F3C0500C8471B /* Sources */,
				888184D21D4F3C0500C8471B /* Frameworks */,
				888184D31D4F3C0500C8471B /* Resources */,
			);
			buildRules = (
			);
			dependencies = (
			);
			name = PlayVideo;
			productName = PlayVideo;
			productReference = 888184D51D4F3C0500C8471B /* PlayVideo.app */;
			productType = "com.apple.product-type.application";
		};
/* End PBXNativeTarget section */

/* Begin PBXProject section */
		888184CD1D4F3C0500C8471B /* Project object */ = {
			isa = PBXProject;
			attributes = {
				LastSwiftUpdateCheck = 0730;
				LastUpgradeCheck = 0730;
				ORGANIZATIONNAME = paraline;
				TargetAttributes = {
					888184D41D4F3C0500C8471B = {
						CreatedOnToolsVersion = 7.3.1;
					};
				};
			};
			buildConfigurationList = 888184D01D4F3C0500C8471B /* Build configuration list for PBXProject "PlayVideo" */;
			compatibilityVersion = "Xcode 3.2";
			developmentRegion = English;
			hasScannedForEncodings = 0;
			knownRegions = (
				en,
				Base,
			);
			mainGroup = 888184CC1D4F3C0500C8471B;
			productRefGroup = 888184D61D4F3C0500C8471B /* Products */;
			projectDirPath = "";
			projectRoot = "";
			targets = (
				888184D41D4F3C0500C8471B /* PlayVideo */,
			);
		};
/* End PBXProject section */

/* Begin PBXResourcesBuildPhase section */
		888184D31D4F3C0500C8471B /* Resources */ = {
			isa = PBXResourcesBuildPhase;
			buildActionMask = 2147483647;
			files = (
				7FE2BBE31D4FC595006C42E1 /* images.xcassets in Resources */,
				888184E31D4F3C0600C8471B /* LaunchScreen.storyboard in Resources */,
				888184DE1D4F3C0600C8471B /* Main.storyboard in Resources */,
			);
			runOnlyForDeploymentPostprocessing = 0;
		};
/* End PBXResourcesBuildPhase section */

/* Begin PBXSourcesBuildPhase section */
		888184D11D4F3C0500C8471B /* Sources */ = {
			isa = PBXSourcesBuildPhase;
			buildActionMask = 2147483647;
			files = (
				888184DB1D4F3C0600C8471B /* ViewController.swift in Sources */,
				888184D91D4F3C0600C8471B /* AppDelegate.swift in Sources */,
			);
			runOnlyForDeploymentPostprocessing = 0;
		};
/* End PBXSourcesBuildPhase section */

/* Begin PBXVariantGroup section */
		888184DC1D4F3C0600C8471B /* Main.storyboard */ = {
			isa = PBXVariantGroup;
			children = (
				888184DD1D4F3C0600C8471B /* Base */,
			);
			name = Main.storyboard;
			sourceTree = "<group>";
		};
		888184E11D4F3C0600C8471B /* LaunchScreen.storyboard */ = {
			isa = PBXVariantGroup;
			children = (
				888184E21D4F3C0600C8471B /* Base */,
			);
			name = LaunchScreen.storyboard;
			sourceTree = "<group>";
		};
/* End PBXVariantGroup section */

/* Begin XCBuildConfiguration section */
		888184E51D4F3C0600C8471B /* Debug */ = {
			isa = XCBuildConfiguration;
			buildSettings = {
				ALWAYS_SEARCH_USER_PATHS = NO;
				CLANG_ANALYZER_NONNULL = YES;
				CLANG_CXX_LANGUAGE_STANDARD = "gnu++0x";
				CLANG_CXX_LIBRARY = "libc++";
				CLANG_ENABLE_MODULES = YES;
				CLANG_ENABLE_OBJC_ARC = YES;
				CLANG_WARN_BOOL_CONVERSION = YES;
				CLANG_WARN_CONSTANT_CONVERSION = YES;
				CLANG_WARN_DIRECT_OBJC_ISA_USAGE = YES_ERROR;
				CLANG_WARN_EMPTY_BODY = YES;
				CLANG_WARN_ENUM_CONVERSION = YES;
				CLANG_WARN_INT_CONVERSION = YES;
				CLANG_WARN_OBJC_ROOT_CLASS = YES_ERROR;
				CLANG_WARN_UNREACHABLE_CODE = YES;
				CLANG_WARN__DUPLICATE_METHOD_MATCH = YES;
				"CODE_SIGN_IDENTITY[sdk=iphoneos*]" = "iPhone Developer";
				COPY_PHASE_STRIP = NO;
				DEBUG_INFORMATION_FORMAT = dwarf;
				ENABLE_STRICT_OBJC_MSGSEND = YES;
				ENABLE_TESTABILITY = YES;
				GCC_C_LANGUAGE_STANDARD = gnu99;
				GCC_DYNAMIC_NO_PIC = NO;
				GCC_NO_COMMON_BLOCKS = YES;
				GCC_OPTIMIZATION_LEVEL = 0;
				GCC_PREPROCESSOR_DEFINITIONS = (
					"DEBUG=1",
					"$(inherited)",
				);
				GCC_WARN_64_TO_32_BIT_CONVERSION = YES;
				GCC_WARN_ABOUT_RETURN_TYPE = YES_ERROR;
				GCC_WARN_UNDECLARED_SELECTOR = YES;
				GCC_WARN_UNINITIALIZED_AUTOS = YES_AGGRESSIVE;
				GCC_WARN_UNUSED_FUNCTION = YES;
				GCC_WARN_UNUSED_VARIABLE = YES;
				IPHONEOS_DEPLOYMENT_TARGET = 9.3;
				MTL_ENABLE_DEBUG_INFO = YES;
				ONLY_ACTIVE_ARCH = YES;
				SDKROOT = iphoneos;
				SWIFT_OPTIMIZATION_LEVEL = "-Onone";
			};
			name = Debug;
		};
		888184E61D4F3C0600C8471B /* Release */ = {
			isa = XCBuildConfiguration;
			buildSettings = {
				ALWAYS_SEARCH_USER_PATHS = NO;
				CLANG_ANALYZER_NONNULL = YES;
				CLANG_CXX_LANGUAGE_STANDARD = "gnu++0x";
				CLANG_CXX_LIBRARY = "libc++";
				CLANG_ENABLE_MODULES = YES;
				CLANG_ENABLE_OBJC_ARC = YES;
				CLANG_WARN_BOOL_CONVERSION = YES;
				CLANG_WARN_CONSTANT_CONVERSION = YES;
				CLANG_WARN_DIRECT_OBJC_ISA_USAGE = YES_ERROR;
				CLANG_WARN_EMPTY_BODY = YES;
				CLANG_WARN_ENUM_CONVERSION = YES;
				CLANG_WARN_INT_CONVERSION = YES;
				CLANG_WARN_OBJC_ROOT_CLASS = YES_ERROR;
				CLANG_WARN_UNREACHABLE_CODE = YES;
				CLANG_WARN__DUPLICATE_METHOD_MATCH = YES;
				"CODE_SIGN_IDENTITY[sdk=iphoneos*]" = "iPhone Developer";
				COPY_PHASE_STRIP = NO;
				DEBUG_INFORMATION_FORMAT = "dwarf-with-dsym";
				ENABLE_NS_ASSERTIONS = NO;
				ENABLE_STRICT_OBJC_MSGSEND = YES;
				GCC_C_LANGUAGE_STANDARD = gnu99;
				GCC_NO_COMMON_BLOCKS = YES;
				GCC_WARN_64_TO_32_BIT_CONVERSION = YES;
				GCC_WARN_ABOUT_RETURN_TYPE = YES_ERROR;
				GCC_WARN_UNDECLARED_SELECTOR = YES;
				GCC_WARN_UNINITIALIZED_AUTOS = YES_AGGRESSIVE;
				GCC_WARN_UNUSED_FUNCTION = YES;
				GCC_WARN_UNUSED_VARIABLE = YES;
				IPHONEOS_DEPLOYMENT_TARGET = 9.3;
				MTL_ENABLE_DEBUG_INFO = NO;
				SDKROOT = iphoneos;
				VALIDATE_PRODUCT = YES;
			};
			name = Release;
		};
		888184E81D4F3C0600C8471B /* Debug */ = {
			isa = XCBuildConfiguration;
			buildSettings = {
				ASSETCATALOG_COMPILER_APPICON_NAME = AppIcon;
				INFOPLIST_FILE = PlayVideo/Info.plist;
				LD_RUNPATH_SEARCH_PATHS = "$(inherited) @executable_path/Frameworks";
				PRODUCT_BUNDLE_IDENTIFIER = com.paraline.PlayVideo;
				PRODUCT_NAME = "$(TARGET_NAME)";
			};
			name = Debug;
		};
		888184E91D4F3C0600C8471B /* Release */ = {
			isa = XCBuildConfiguration;
			buildSettings = {
				ASSETCATALOG_COMPILER_APPICON_NAME = AppIcon;
				INFOPLIST_FILE = PlayVideo/Info.plist;
				LD_RUNPATH_SEARCH_PATHS = "$(inherited) @executable_path/Frameworks";
				PRODUCT_BUNDLE_IDENTIFIER = com.paraline.PlayVideo;
				PRODUCT_NAME = "$(TARGET_NAME)";
			};
			name = Release;
		};
/* End XCBuildConfiguration section */

/* Begin XCConfigurationList section */
		888184D01D4F3C0500C8471B /* Build configuration list for PBXProject "PlayVideo" */ = {
			isa = XCConfigurationList;
			buildConfigurations = (
				888184E51D4F3C0600C8471B /* Debug */,
				888184E61D4F3C0600C8471B /* Release */,
			);
			defaultConfigurationIsVisible = 0;
			defaultConfigurationName = Release;
		};
		888184E71D4F3C0600C8471B /* Build configuration list for PBXNativeTarget "PlayVideo" */ = {
			isa = XCConfigurationList;
			buildConfigurations = (
				888184E81D4F3C0600C8471B /* Debug */,
				888184E91D4F3C0600C8471B /* Release */,
			);
			defaultConfigurationIsVisible = 0;
			defaultConfigurationName = Release;
		};
/* End XCConfigurationList section */
	};
	rootObject = 888184CD1D4F3C0500C8471B /* Project object */;
}
