// !$*UTF8*$!
{
	archiveVersion = 1;
	classes = {
	};
	objectVersion = 46;
	objects = {

/* Begin PBXBuildFile section */
		7F86A4A21D54F96000B56176 /* Assets.xcassets in Resources */ = {isa = PBXBuildFile; fileRef = 7F86A4A11D54F96000B56176 /* Assets.xcassets */; };
		8896DEBE1D50A8A4000129BD /* AppDelegate.swift in Sources */ = {isa = PBXBuildFile; fileRef = 8896DEBD1D50A8A4000129BD /* AppDelegate.swift */; };
		8896DEC01D50A8A4000129BD /* ViewController.swift in Sources */ = {isa = PBXBuildFile; fileRef = 8896DEBF1D50A8A4000129BD /* ViewController.swift */; };
		8896DEC31D50A8A4000129BD /* Main.storyboard in Resources */ = {isa = PBXBuildFile; fileRef = 8896DEC11D50A8A4000129BD /* Main.storyboard */; };
		8896DEC81D50A8A4000129BD /* LaunchScreen.storyboard in Resources */ = {isa = PBXBuildFile; fileRef = 8896DEC61D50A8A4000129BD /* LaunchScreen.storyboard */; };
/* End PBXBuildFile section */

/* Begin PBXFileReference section */
		7F86A4A11D54F96000B56176 /* Assets.xcassets */ = {isa = PBXFileReference; lastKnownFileType = folder.assetcatalog; path = Assets.xcassets; sourceTree = "<group>"; };
		8896DEBA1D50A8A4000129BD /* GenerateBarcode.app */ = {isa = PBXFileReference; explicitFileType = wrapper.application; includeInIndex = 0; path = GenerateBarcode.app; sourceTree = BUILT_PRODUCTS_DIR; };
		8896DEBD1D50A8A4000129BD /* AppDelegate.swift */ = {isa = PBXFileReference; lastKnownFileType = sourcecode.swift; path = AppDelegate.swift; sourceTree = "<group>"; };
		8896DEBF1D50A8A4000129BD /* ViewController.swift */ = {isa = PBXFileReference; lastKnownFileType = sourcecode.swift; path = ViewController.swift; sourceTree = "<group>"; };
		8896DEC21D50A8A4000129BD /* Base */ = {isa = PBXFileReference; lastKnownFileType = file.storyboard; name = Base; path = Base.lproj/Main.storyboard; sourceTree = "<group>"; };
		8896DEC71D50A8A4000129BD /* Base */ = {isa = PBXFileReference; lastKnownFileType = file.storyboard; name = Base; path = Base.lproj/LaunchScreen.storyboard; sourceTree = "<group>"; };
		8896DEC91D50A8A4000129BD /* Info.plist */ = {isa = PBXFileReference; lastKnownFileType = text.plist.xml; path = Info.plist; sourceTree = "<group>"; };
/* End PBXFileReference section */

/* Begin PBXFrameworksBuildPhase section */
		8896DEB71D50A8A4000129BD /* Frameworks */ = {
			isa = PBXFrameworksBuildPhase;
			buildActionMask = 2147483647;
			files = (
			);
			runOnlyForDeploymentPostprocessing = 0;
		};
/* End PBXFrameworksBuildPhase section */

/* Begin PBXGroup section */
		8896DEB11D50A8A4000129BD = {
			isa = PBXGroup;
			children = (
				8896DEBC1D50A8A4000129BD /* GenerateBarcode */,
				8896DEBB1D50A8A4000129BD /* Products */,
			);
			sourceTree = "<group>";
		};
		8896DEBB1D50A8A4000129BD /* Products */ = {
			isa = PBXGroup;
			children = (
				8896DEBA1D50A8A4000129BD /* GenerateBarcode.app */,
			);
			name = Products;
			sourceTree = "<group>";
		};
		8896DEBC1D50A8A4000129BD /* GenerateBarcode */ = {
			isa = PBXGroup;
			children = (
				8896DEBD1D50A8A4000129BD /* AppDelegate.swift */,
				8896DEBF1D50A8A4000129BD /* ViewController.swift */,
				8896DEC11D50A8A4000129BD /* Main.storyboard */,
				8896DEC61D50A8A4000129BD /* LaunchScreen.storyboard */,
				8896DEC91D50A8A4000129BD /* Info.plist */,
				7F86A4A11D54F96000B56176 /* Assets.xcassets */,
			);
			path = GenerateBarcode;
			sourceTree = "<group>";
		};
/* End PBXGroup section */

/* Begin PBXNativeTarget section */
		8896DEB91D50A8A4000129BD /* GenerateBarcode */ = {
			isa = PBXNativeTarget;
			buildConfigurationList = 8896DECC1D50A8A4000129BD /* Build configuration list for PBXNativeTarget "GenerateBarcode" */;
			buildPhases = (
				8896DEB61D50A8A4000129BD /* Sources */,
				8896DEB71D50A8A4000129BD /* Frameworks */,
				8896DEB81D50A8A4000129BD /* Resources */,
			);
			buildRules = (
			);
			dependencies = (
			);
			name = GenerateBarcode;
			productName = GenerateBarcode;
			productReference = 8896DEBA1D50A8A4000129BD /* GenerateBarcode.app */;
			productType = "com.apple.product-type.application";
		};
/* End PBXNativeTarget section */

/* Begin PBXProject section */
		8896DEB21D50A8A4000129BD /* Project object */ = {
			isa = PBXProject;
			attributes = {
				LastSwiftUpdateCheck = 0730;
				LastUpgradeCheck = 0730;
				ORGANIZATIONNAME = paraline;
				TargetAttributes = {
					8896DEB91D50A8A4000129BD = {
						CreatedOnToolsVersion = 7.3.1;
					};
				};
			};
			buildConfigurationList = 8896DEB51D50A8A4000129BD /* Build configuration list for PBXProject "GenerateBarcode" */;
			compatibilityVersion = "Xcode 3.2";
			developmentRegion = English;
			hasScannedForEncodings = 0;
			knownRegions = (
				en,
				Base,
			);
			mainGroup = 8896DEB11D50A8A4000129BD;
			productRefGroup = 8896DEBB1D50A8A4000129BD /* Products */;
			projectDirPath = "";
			projectRoot = "";
			targets = (
				8896DEB91D50A8A4000129BD /* GenerateBarcode */,
			);
		};
/* End PBXProject section */

/* Begin PBXResourcesBuildPhase section */
		8896DEB81D50A8A4000129BD /* Resources */ = {
			isa = PBXResourcesBuildPhase;
			buildActionMask = 2147483647;
			files = (
				8896DEC81D50A8A4000129BD /* LaunchScreen.storyboard in Resources */,
				7F86A4A21D54F96000B56176 /* Assets.xcassets in Resources */,
				8896DEC31D50A8A4000129BD /* Main.storyboard in Resources */,
			);
			runOnlyForDeploymentPostprocessing = 0;
		};
/* End PBXResourcesBuildPhase section */

/* Begin PBXSourcesBuildPhase section */
		8896DEB61D50A8A4000129BD /* Sources */ = {
			isa = PBXSourcesBuildPhase;
			buildActionMask = 2147483647;
			files = (
				8896DEC01D50A8A4000129BD /* ViewController.swift in Sources */,
				8896DEBE1D50A8A4000129BD /* AppDelegate.swift in Sources */,
			);
			runOnlyForDeploymentPostprocessing = 0;
		};
/* End PBXSourcesBuildPhase section */

/* Begin PBXVariantGroup section */
		8896DEC11D50A8A4000129BD /* Main.storyboard */ = {
			isa = PBXVariantGroup;
			children = (
				8896DEC21D50A8A4000129BD /* Base */,
			);
			name = Main.storyboard;
			sourceTree = "<group>";
		};
		8896DEC61D50A8A4000129BD /* LaunchScreen.storyboard */ = {
			isa = PBXVariantGroup;
			children = (
				8896DEC71D50A8A4000129BD /* Base */,
			);
			name = LaunchScreen.storyboard;
			sourceTree = "<group>";
		};
/* End PBXVariantGroup section */

/* Begin XCBuildConfiguration section */
		8896DECA1D50A8A4000129BD /* Debug */ = {
			isa = XCBuildConfiguration;
			buildSettings = {
				ALWAYS_SEARCH_USER_PATHS = NO;
				CLANG_ANALYZER_NONNULL = YES;
				CLANG_CXX_LANGUAGE_STANDARD = "gnu++0x";
				CLANG_CXX_LIBRARY = "libc++";
				CLANG_ENABLE_MODULES = YES;
				CLANG_ENABLE_OBJC_ARC = YES;
				CLANG_WARN_BOOL_CONVERSION = YES;
				CLANG_WARN_CONSTANT_CONVERSION = YES;
				CLANG_WARN_DIRECT_OBJC_ISA_USAGE = YES_ERROR;
				CLANG_WARN_EMPTY_BODY = YES;
				CLANG_WARN_ENUM_CONVERSION = YES;
				CLANG_WARN_INT_CONVERSION = YES;
				CLANG_WARN_OBJC_ROOT_CLASS = YES_ERROR;
				CLANG_WARN_UNREACHABLE_CODE = YES;
				CLANG_WARN__DUPLICATE_METHOD_MATCH = YES;
				"CODE_SIGN_IDENTITY[sdk=iphoneos*]" = "iPhone Developer";
				COPY_PHASE_STRIP = NO;
				DEBUG_INFORMATION_FORMAT = dwarf;
				ENABLE_STRICT_OBJC_MSGSEND = YES;
				ENABLE_TESTABILITY = YES;
				GCC_C_LANGUAGE_STANDARD = gnu99;
				GCC_DYNAMIC_NO_PIC = NO;
				GCC_NO_COMMON_BLOCKS = YES;
				GCC_OPTIMIZATION_LEVEL = 0;
				GCC_PREPROCESSOR_DEFINITIONS = (
					"DEBUG=1",
					"$(inherited)",
				);
				GCC_WARN_64_TO_32_BIT_CONVERSION = YES;
				GCC_WARN_ABOUT_RETURN_TYPE = YES_ERROR;
				GCC_WARN_UNDECLARED_SELECTOR = YES;
				GCC_WARN_UNINITIALIZED_AUTOS = YES_AGGRESSIVE;
				GCC_WARN_UNUSED_FUNCTION = YES;
				GCC_WARN_UNUSED_VARIABLE = YES;
				IPHONEOS_DEPLOYMENT_TARGET = 9.3;
				MTL_ENABLE_DEBUG_INFO = YES;
				ONLY_ACTIVE_ARCH = YES;
				SDKROOT = iphoneos;
				SWIFT_OPTIMIZATION_LEVEL = "-Onone";
			};
			name = Debug;
		};
		8896DECB1D50A8A4000129BD /* Release */ = {
			isa = XCBuildConfiguration;
			buildSettings = {
				ALWAYS_SEARCH_USER_PATHS = NO;
				CLANG_ANALYZER_NONNULL = YES;
				CLANG_CXX_LANGUAGE_STANDARD = "gnu++0x";
				CLANG_CXX_LIBRARY = "libc++";
				CLANG_ENABLE_MODULES = YES;
				CLANG_ENABLE_OBJC_ARC = YES;
				CLANG_WARN_BOOL_CONVERSION = YES;
				CLANG_WARN_CONSTANT_CONVERSION = YES;
				CLANG_WARN_DIRECT_OBJC_ISA_USAGE = YES_ERROR;
				CLANG_WARN_EMPTY_BODY = YES;
				CLANG_WARN_ENUM_CONVERSION = YES;
				CLANG_WARN_INT_CONVERSION = YES;
				CLANG_WARN_OBJC_ROOT_CLASS = YES_ERROR;
				CLANG_WARN_UNREACHABLE_CODE = YES;
				CLANG_WARN__DUPLICATE_METHOD_MATCH = YES;
				"CODE_SIGN_IDENTITY[sdk=iphoneos*]" = "iPhone Developer";
				COPY_PHASE_STRIP = NO;
				DEBUG_INFORMATION_FORMAT = "dwarf-with-dsym";
				ENABLE_NS_ASSERTIONS = NO;
				ENABLE_STRICT_OBJC_MSGSEND = YES;
				GCC_C_LANGUAGE_STANDARD = gnu99;
				GCC_NO_COMMON_BLOCKS = YES;
				GCC_WARN_64_TO_32_BIT_CONVERSION = YES;
				GCC_WARN_ABOUT_RETURN_TYPE = YES_ERROR;
				GCC_WARN_UNDECLARED_SELECTOR = YES;
				GCC_WARN_UNINITIALIZED_AUTOS = YES_AGGRESSIVE;
				GCC_WARN_UNUSED_FUNCTION = YES;
				GCC_WARN_UNUSED_VARIABLE = YES;
				IPHONEOS_DEPLOYMENT_TARGET = 9.3;
				MTL_ENABLE_DEBUG_INFO = NO;
				SDKROOT = iphoneos;
				VALIDATE_PRODUCT = YES;
			};
			name = Release;
		};
		8896DECD1D50A8A4000129BD /* Debug */ = {
			isa = XCBuildConfiguration;
			buildSettings = {
				ASSETCATALOG_COMPILER_APPICON_NAME = AppIcon;
				INFOPLIST_FILE = GenerateBarcode/Info.plist;
				LD_RUNPATH_SEARCH_PATHS = "$(inherited) @executable_path/Frameworks";
				PRODUCT_BUNDLE_IDENTIFIER = com.paraline.GenerateBarcode;
				PRODUCT_NAME = "$(TARGET_NAME)";
			};
			name = Debug;
		};
		8896DECE1D50A8A4000129BD /* Release */ = {
			isa = XCBuildConfiguration;
			buildSettings = {
				ASSETCATALOG_COMPILER_APPICON_NAME = AppIcon;
				INFOPLIST_FILE = GenerateBarcode/Info.plist;
				LD_RUNPATH_SEARCH_PATHS = "$(inherited) @executable_path/Frameworks";
				PRODUCT_BUNDLE_IDENTIFIER = com.paraline.GenerateBarcode;
				PRODUCT_NAME = "$(TARGET_NAME)";
			};
			name = Release;
		};
/* End XCBuildConfiguration section */

/* Begin XCConfigurationList section */
		8896DEB51D50A8A4000129BD /* Build configuration list for PBXProject "GenerateBarcode" */ = {
			isa = XCConfigurationList;
			buildConfigurations = (
				8896DECA1D50A8A4000129BD /* Debug */,
				8896DECB1D50A8A4000129BD /* Release */,
			);
			defaultConfigurationIsVisible = 0;
			defaultConfigurationName = Release;
		};
		8896DECC1D50A8A4000129BD /* Build configuration list for PBXNativeTarget "GenerateBarcode" */ = {
			isa = XCConfigurationList;
			buildConfigurations = (
				8896DECD1D50A8A4000129BD /* Debug */,
				8896DECE1D50A8A4000129BD /* Release */,
			);
			defaultConfigurationIsVisible = 0;
			defaultConfigurationName = Release;
		};
/* End XCConfigurationList section */
	};
	rootObject = 8896DEB21D50A8A4000129BD /* Project object */;
}
