// !$*UTF8*$!
{
	archiveVersion = 1;
	classes = {
	};
	objectVersion = 46;
	objects = {

/* Begin PBXBuildFile section */
		8883EF441D51C2F5008FAF7D /* AppDelegate.swift in Sources */ = {isa = PBXBuildFile; fileRef = 8883EF431D51C2F5008FAF7D /* AppDelegate.swift */; };
		8883EF461D51C2F5008FAF7D /* ViewController.swift in Sources */ = {isa = PBXBuildFile; fileRef = 8883EF451D51C2F5008FAF7D /* ViewController.swift */; };
		8883EF491D51C2F5008FAF7D /* Main.storyboard in Resources */ = {isa = PBXBuildFile; fileRef = 8883EF471D51C2F5008FAF7D /* Main.storyboard */; };
		8883EF4B1D51C2F5008FAF7D /* Assets.xcassets in Resources */ = {isa = PBXBuildFile; fileRef = 8883EF4A1D51C2F5008FAF7D /* Assets.xcassets */; };
		8883EF4E1D51C2F5008FAF7D /* LaunchScreen.storyboard in Resources */ = {isa = PBXBuildFile; fileRef = 8883EF4C1D51C2F5008FAF7D /* LaunchScreen.storyboard */; };
/* End PBXBuildFile section */

/* Begin PBXFileReference section */
		8883EF401D51C2F5008FAF7D /* ScanQrcode.app */ = {isa = PBXFileReference; explicitFileType = wrapper.application; includeInIndex = 0; path = ScanQrcode.app; sourceTree = BUILT_PRODUCTS_DIR; };
		8883EF431D51C2F5008FAF7D /* AppDelegate.swift */ = {isa = PBXFileReference; lastKnownFileType = sourcecode.swift; path = AppDelegate.swift; sourceTree = "<group>"; };
		8883EF451D51C2F5008FAF7D /* ViewController.swift */ = {isa = PBXFileReference; lastKnownFileType = sourcecode.swift; path = ViewController.swift; sourceTree = "<group>"; };
		8883EF481D51C2F5008FAF7D /* Base */ = {isa = PBXFileReference; lastKnownFileType = file.storyboard; name = Base; path = Base.lproj/Main.storyboard; sourceTree = "<group>"; };
		8883EF4A1D51C2F5008FAF7D /* Assets.xcassets */ = {isa = PBXFileReference; lastKnownFileType = folder.assetcatalog; path = Assets.xcassets; sourceTree = "<group>"; };
		8883EF4D1D51C2F5008FAF7D /* Base */ = {isa = PBXFileReference; lastKnownFileType = file.storyboard; name = Base; path = Base.lproj/LaunchScreen.storyboard; sourceTree = "<group>"; };
		8883EF4F1D51C2F5008FAF7D /* Info.plist */ = {isa = PBXFileReference; lastKnownFileType = text.plist.xml; path = Info.plist; sourceTree = "<group>"; };
/* End PBXFileReference section */

/* Begin PBXFrameworksBuildPhase section */
		8883EF3D1D51C2F5008FAF7D /* Frameworks */ = {
			isa = PBXFrameworksBuildPhase;
			buildActionMask = 2147483647;
			files = (
			);
			runOnlyForDeploymentPostprocessing = 0;
		};
/* End PBXFrameworksBuildPhase section */

/* Begin PBXGroup section */
		8883EF371D51C2F5008FAF7D = {
			isa = PBXGroup;
			children = (
				8883EF421D51C2F5008FAF7D /* ScanQrcode */,
				8883EF411D51C2F5008FAF7D /* Products */,
			);
			sourceTree = "<group>";
		};
		8883EF411D51C2F5008FAF7D /* Products */ = {
			isa = PBXGroup;
			children = (
				8883EF401D51C2F5008FAF7D /* ScanQrcode.app */,
			);
			name = Products;
			sourceTree = "<group>";
		};
		8883EF421D51C2F5008FAF7D /* ScanQrcode */ = {
			isa = PBXGroup;
			children = (
				8883EF431D51C2F5008FAF7D /* AppDelegate.swift */,
				8883EF451D51C2F5008FAF7D /* ViewController.swift */,
				8883EF471D51C2F5008FAF7D /* Main.storyboard */,
				8883EF4A1D51C2F5008FAF7D /* Assets.xcassets */,
				8883EF4C1D51C2F5008FAF7D /* LaunchScreen.storyboard */,
				8883EF4F1D51C2F5008FAF7D /* Info.plist */,
			);
			path = ScanQrcode;
			sourceTree = "<group>";
		};
/* End PBXGroup section */

/* Begin PBXNativeTarget section */
		8883EF3F1D51C2F5008FAF7D /* ScanQrcode */ = {
			isa = PBXNativeTarget;
			buildConfigurationList = 8883EF521D51C2F5008FAF7D /* Build configuration list for PBXNativeTarget "ScanQrcode" */;
			buildPhases = (
				8883EF3C1D51C2F5008FAF7D /* Sources */,
				8883EF3D1D51C2F5008FAF7D /* Frameworks */,
				8883EF3E1D51C2F5008FAF7D /* Resources */,
			);
			buildRules = (
			);
			dependencies = (
			);
			name = ScanQrcode;
			productName = ScanQrcode;
			productReference = 8883EF401D51C2F5008FAF7D /* ScanQrcode.app */;
			productType = "com.apple.product-type.application";
		};
/* End PBXNativeTarget section */

/* Begin PBXProject section */
		8883EF381D51C2F5008FAF7D /* Project object */ = {
			isa = PBXProject;
			attributes = {
				LastSwiftUpdateCheck = 0730;
				LastUpgradeCheck = 0730;
				ORGANIZATIONNAME = paraline;
				TargetAttributes = {
					8883EF3F1D51C2F5008FAF7D = {
						CreatedOnToolsVersion = 7.3.1;
					};
				};
			};
			buildConfigurationList = 8883EF3B1D51C2F5008FAF7D /* Build configuration list for PBXProject "ScanQrcode" */;
			compatibilityVersion = "Xcode 3.2";
			developmentRegion = English;
			hasScannedForEncodings = 0;
			knownRegions = (
				en,
				Base,
			);
			mainGroup = 8883EF371D51C2F5008FAF7D;
			productRefGroup = 8883EF411D51C2F5008FAF7D /* Products */;
			projectDirPath = "";
			projectRoot = "";
			targets = (
				8883EF3F1D51C2F5008FAF7D /* ScanQrcode */,
			);
		};
/* End PBXProject section */

/* Begin PBXResourcesBuildPhase section */
		8883EF3E1D51C2F5008FAF7D /* Resources */ = {
			isa = PBXResourcesBuildPhase;
			buildActionMask = 2147483647;
			files = (
				8883EF4E1D51C2F5008FAF7D /* LaunchScreen.storyboard in Resources */,
				8883EF4B1D51C2F5008FAF7D /* Assets.xcassets in Resources */,
				8883EF491D51C2F5008FAF7D /* Main.storyboard in Resources */,
			);
			runOnlyForDeploymentPostprocessing = 0;
		};
/* End PBXResourcesBuildPhase section */

/* Begin PBXSourcesBuildPhase section */
		8883EF3C1D51C2F5008FAF7D /* Sources */ = {
			isa = PBXSourcesBuildPhase;
			buildActionMask = 2147483647;
			files = (
				8883EF461D51C2F5008FAF7D /* ViewController.swift in Sources */,
				8883EF441D51C2F5008FAF7D /* AppDelegate.swift in Sources */,
			);
			runOnlyForDeploymentPostprocessing = 0;
		};
/* End PBXSourcesBuildPhase section */

/* Begin PBXVariantGroup section */
		8883EF471D51C2F5008FAF7D /* Main.storyboard */ = {
			isa = PBXVariantGroup;
			children = (
				8883EF481D51C2F5008FAF7D /* Base */,
			);
			name = Main.storyboard;
			sourceTree = "<group>";
		};
		8883EF4C1D51C2F5008FAF7D /* LaunchScreen.storyboard */ = {
			isa = PBXVariantGroup;
			children = (
				8883EF4D1D51C2F5008FAF7D /* Base */,
			);
			name = LaunchScreen.storyboard;
			sourceTree = "<group>";
		};
/* End PBXVariantGroup section */

/* Begin XCBuildConfiguration section */
		8883EF501D51C2F5008FAF7D /* Debug */ = {
			isa = XCBuildConfiguration;
			buildSettings = {
				ALWAYS_SEARCH_USER_PATHS = NO;
				CLANG_ANALYZER_NONNULL = YES;
				CLANG_CXX_LANGUAGE_STANDARD = "gnu++0x";
				CLANG_CXX_LIBRARY = "libc++";
				CLANG_ENABLE_MODULES = YES;
				CLANG_ENABLE_OBJC_ARC = YES;
				CLANG_WARN_BOOL_CONVERSION = YES;
				CLANG_WARN_CONSTANT_CONVERSION = YES;
				CLANG_WARN_DIRECT_OBJC_ISA_USAGE = YES_ERROR;
				CLANG_WARN_EMPTY_BODY = YES;
				CLANG_WARN_ENUM_CONVERSION = YES;
				CLANG_WARN_INT_CONVERSION = YES;
				CLANG_WARN_OBJC_ROOT_CLASS = YES_ERROR;
				CLANG_WARN_UNREACHABLE_CODE = YES;
				CLANG_WARN__DUPLICATE_METHOD_MATCH = YES;
				"CODE_SIGN_IDENTITY[sdk=iphoneos*]" = "iPhone Developer";
				COPY_PHASE_STRIP = NO;
				DEBUG_INFORMATION_FORMAT = dwarf;
				ENABLE_STRICT_OBJC_MSGSEND = YES;
				ENABLE_TESTABILITY = YES;
				GCC_C_LANGUAGE_STANDARD = gnu99;
				GCC_DYNAMIC_NO_PIC = NO;
				GCC_NO_COMMON_BLOCKS = YES;
				GCC_OPTIMIZATION_LEVEL = 0;
				GCC_PREPROCESSOR_DEFINITIONS = (
					"DEBUG=1",
					"$(inherited)",
				);
				GCC_WARN_64_TO_32_BIT_CONVERSION = YES;
				GCC_WARN_ABOUT_RETURN_TYPE = YES_ERROR;
				GCC_WARN_UNDECLARED_SELECTOR = YES;
				GCC_WARN_UNINITIALIZED_AUTOS = YES_AGGRESSIVE;
				GCC_WARN_UNUSED_FUNCTION = YES;
				GCC_WARN_UNUSED_VARIABLE = YES;
				IPHONEOS_DEPLOYMENT_TARGET = 9.3;
				MTL_ENABLE_DEBUG_INFO = YES;
				ONLY_ACTIVE_ARCH = YES;
				SDKROOT = iphoneos;
				SWIFT_OPTIMIZATION_LEVEL = "-Onone";
				TARGETED_DEVICE_FAMILY = 2;
			};
			name = Debug;
		};
		8883EF511D51C2F5008FAF7D /* Release */ = {
			isa = XCBuildConfiguration;
			buildSettings = {
				ALWAYS_SEARCH_USER_PATHS = NO;
				CLANG_ANALYZER_NONNULL = YES;
				CLANG_CXX_LANGUAGE_STANDARD = "gnu++0x";
				CLANG_CXX_LIBRARY = "libc++";
				CLANG_ENABLE_MODULES = YES;
				CLANG_ENABLE_OBJC_ARC = YES;
				CLANG_WARN_BOOL_CONVERSION = YES;
				CLANG_WARN_CONSTANT_CONVERSION = YES;
				CLANG_WARN_DIRECT_OBJC_ISA_USAGE = YES_ERROR;
				CLANG_WARN_EMPTY_BODY = YES;
				CLANG_WARN_ENUM_CONVERSION = YES;
				CLANG_WARN_INT_CONVERSION = YES;
				CLANG_WARN_OBJC_ROOT_CLASS = YES_ERROR;
				CLANG_WARN_UNREACHABLE_CODE = YES;
				CLANG_WARN__DUPLICATE_METHOD_MATCH = YES;
				"CODE_SIGN_IDENTITY[sdk=iphoneos*]" = "iPhone Developer";
				COPY_PHASE_STRIP = NO;
				DEBUG_INFORMATION_FORMAT = "dwarf-with-dsym";
				ENABLE_NS_ASSERTIONS = NO;
				ENABLE_STRICT_OBJC_MSGSEND = YES;
				GCC_C_LANGUAGE_STANDARD = gnu99;
				GCC_NO_COMMON_BLOCKS = YES;
				GCC_WARN_64_TO_32_BIT_CONVERSION = YES;
				GCC_WARN_ABOUT_RETURN_TYPE = YES_ERROR;
				GCC_WARN_UNDECLARED_SELECTOR = YES;
				GCC_WARN_UNINITIALIZED_AUTOS = YES_AGGRESSIVE;
				GCC_WARN_UNUSED_FUNCTION = YES;
				GCC_WARN_UNUSED_VARIABLE = YES;
				IPHONEOS_DEPLOYMENT_TARGET = 9.3;
				MTL_ENABLE_DEBUG_INFO = NO;
				SDKROOT = iphoneos;
				TARGETED_DEVICE_FAMILY = 2;
				VALIDATE_PRODUCT = YES;
			};
			name = Release;
		};
		8883EF531D51C2F5008FAF7D /* Debug */ = {
			isa = XCBuildConfiguration;
			buildSettings = {
				ASSETCATALOG_COMPILER_APPICON_NAME = AppIcon;
				INFOPLIST_FILE = ScanQrcode/Info.plist;
				LD_RUNPATH_SEARCH_PATHS = "$(inherited) @executable_path/Frameworks";
				PRODUCT_BUNDLE_IDENTIFIER = com.paraline.ScanQrcode;
				PRODUCT_NAME = "$(TARGET_NAME)";
				TARGETED_DEVICE_FAMILY = "1,2";
			};
			name = Debug;
		};
		8883EF541D51C2F5008FAF7D /* Release */ = {
			isa = XCBuildConfiguration;
			buildSettings = {
				ASSETCATALOG_COMPILER_APPICON_NAME = AppIcon;
				INFOPLIST_FILE = ScanQrcode/Info.plist;
				LD_RUNPATH_SEARCH_PATHS = "$(inherited) @executable_path/Frameworks";
				PRODUCT_BUNDLE_IDENTIFIER = com.paraline.ScanQrcode;
				PRODUCT_NAME = "$(TARGET_NAME)";
				TARGETED_DEVICE_FAMILY = "1,2";
			};
			name = Release;
		};
/* End XCBuildConfiguration section */

/* Begin XCConfigurationList section */
		8883EF3B1D51C2F5008FAF7D /* Build configuration list for PBXProject "ScanQrcode" */ = {
			isa = XCConfigurationList;
			buildConfigurations = (
				8883EF501D51C2F5008FAF7D /* Debug */,
				8883EF511D51C2F5008FAF7D /* Release */,
			);
			defaultConfigurationIsVisible = 0;
			defaultConfigurationName = Release;
		};
		8883EF521D51C2F5008FAF7D /* Build configuration list for PBXNativeTarget "ScanQrcode" */ = {
			isa = XCConfigurationList;
			buildConfigurations = (
				8883EF531D51C2F5008FAF7D /* Debug */,
				8883EF541D51C2F5008FAF7D /* Release */,
			);
			defaultConfigurationIsVisible = 0;
			defaultConfigurationName = Release;
		};
/* End XCConfigurationList section */
	};
	rootObject = 8883EF381D51C2F5008FAF7D /* Project object */;
}
